
Microsoft Visual Studio Solution File, Format Version 12.00
# Visual Studio Version 17
VisualStudioVersion = 17.0.32014.148
MinimumVisualStudioVersion = 10.0.40219.1
Project("{FAE04EC0-301F-11D3-BF4B-00C04F79EFBC}") = "FinalProject", "FinalProject.csproj", "{C6C3D361-DCBA-483B-AAF3-C4450C494DAD}"
EndProject
Global
	GlobalSection(SolutionConfigurationPlatforms) = preSolution
		Debug|Any CPU = Debug|Any CPU
		Release|Any CPU = Release|Any CPU
	EndGlobalSection
	GlobalSection(ProjectConfigurationPlatforms) = postSolution
		{C6C3D361-DCBA-483B-AAF3-C4450C494DAD}.Debug|Any CPU.ActiveCfg = Debug|Any CPU
		{C6C3D361-DCBA-483B-AAF3-C4450C494DAD}.Debug|Any CPU.Build.0 = Debug|Any CPU
		{C6C3D361-DCBA-483B-AAF3-C4450C494DAD}.Release|Any CPU.ActiveCfg = Release|Any CPU
		{C6C3D361-DCBA-483B-AAF3-C4450C494DAD}.Release|Any CPU.Build.0 = Release|Any CPU
	EndGlobalSection
	GlobalSection(SolutionProperties) = preSolution
		HideSolutionNode = FALSE
	EndGlobalSection
	GlobalSection(ExtensibilityGlobals) = postSolution
		SolutionGuid = {4EEEBE48-9147-4AE7-AFD7-AF3CB106D001}
	EndGlobalSection
EndGlobal
